PODS:
  - DDUtils/core (5.0.2)
  - DDUtils/ui (5.0.2):
    - DDUtils/core
  - SnapKit (5.7.1)

DEPENDENCIES:
  - DDUtils/ui (~> 5.0)
  - SnapKit (~> 5.0)

SPEC REPOS:
  trunk:
    - DDUtils
    - SnapKit

SPEC CHECKSUMS:
  DDUtils: 56b14d305b574751a3e5336717a6dfd56dd2c58c
  SnapKit: d612e99e678a2d3b95bf60b0705ed0a35c03484a

PODFILE CHECKSUM: b12337161e10da7af3f1d00f695ff1c39eaeba21

COCOAPODS: 1.15.2
