PODS:
  - HDCommonToolsSwift (2.0.0)
  - Kingfisher (5.15.6):
    - Kingfisher/Core (= 5.15.6)
  - Kingfisher/Core (5.15.6)
  - SnapKit (5.0.1)

DEPENDENCIES:
  - HDCommonToolsSwift
  - Kingfisher
  - SnapKit

SPEC REPOS:
  trunk:
    - HDCommonToolsSwift
    - Kingfisher
    - SnapKit

SPEC CHECKSUMS:
  HDCommonToolsSwift: e1c5b60993b07e6d50fc3f54023a5d9267a273a5
  Kingfisher: b3554e7bf6106115b44e8795300bad580ef2fdc7
  SnapKit: 97b92857e3df3a0c71833cce143274bf6ef8e5eb

PODFILE CHECKSUM: 79184152240b4a7a3570b64efa6b4ffa1182bc72

COCOAPODS: 1.9.1
